// !$*UTF8*$!
{
	archiveVersion = 1;
	classes = {
	};
	objectVersion = 48;
	objects = {

/* Begin PBXBuildFile section */
		262B380D200F4D5500C7E68A /* JSBridge.js in Resources */ = {isa = PBXBuildFile; fileRef = 262B380C200F4D5400C7E68A /* JSBridge.js */; };
		262B380F200F4D6100C7E68A /* index.html in Resources */ = {isa = PBXBuildFile; fileRef = 262B380E200F4D6100C7E68A /* index.html */; };
		2674A52E2003542E007F10BE /* DemoViewController.swift in Sources */ = {isa = PBXBuildFile; fileRef = 2674A52D2003542E007F10BE /* DemoViewController.swift */; };
		2674A531200355BB007F10BE /* XJSBridge.swift in Sources */ = {isa = PBXBuildFile; fileRef = 2674A530200355BB007F10BE /* XJSBridge.swift */; };
		26917E851FFB7D850089D0DD /* XPlugin.swift in Sources */ = {isa = PBXBuildFile; fileRef = 26917E841FFB7D850089D0DD /* XPlugin.swift */; };
		26917E871FFB7E3C0089D0DD /* XWebViewEngine.swift in Sources */ = {isa = PBXBuildFile; fileRef = 26917E861FFB7E3C0089D0DD /* XWebViewEngine.swift */; };
		26917E891FFB7EED0089D0DD /* XViewController.swift in Sources */ = {isa = PBXBuildFile; fileRef = 26917E881FFB7EED0089D0DD /* XViewController.swift */; };
		26917E911FFB81E90089D0DD /* WKWebViewEngine.swift in Sources */ = {isa = PBXBuildFile; fileRef = 26917E8F1FFB81E90089D0DD /* WKWebViewEngine.swift */; };
		26917E921FFB81E90089D0DD /* UIWebViewEngine.swift in Sources */ = {isa = PBXBuildFile; fileRef = 26917E901FFB81E90089D0DD /* UIWebViewEngine.swift */; };
		26917E941FFB84B60089D0DD /* XMessage.swift in Sources */ = {isa = PBXBuildFile; fileRef = 26917E931FFB84B60089D0DD /* XMessage.swift */; };
		26E01C881FF6436500D371D7 /* AppDelegate.swift in Sources */ = {isa = PBXBuildFile; fileRef = 26E01C871FF6436500D371D7 /* AppDelegate.swift */; };
		26E01C8F1FF6436500D371D7 /* Assets.xcassets in Resources */ = {isa = PBXBuildFile; fileRef = 26E01C8E1FF6436500D371D7 /* Assets.xcassets */; };
/* End PBXBuildFile section */

/* Begin PBXFileReference section */
		262B380C200F4D5400C7E68A /* JSBridge.js */ = {isa = PBXFileReference; fileEncoding = 4; lastKnownFileType = sourcecode.javascript; path = JSBridge.js; sourceTree = "<group>"; };
		262B380E200F4D6100C7E68A /* index.html */ = {isa = PBXFileReference; fileEncoding = 4; lastKnownFileType = text.html; path = index.html; sourceTree = "<group>"; };
		2674A52D2003542E007F10BE /* DemoViewController.swift */ = {isa = PBXFileReference; lastKnownFileType = sourcecode.swift; path = DemoViewController.swift; sourceTree = "<group>"; };
		2674A530200355BB007F10BE /* XJSBridge.swift */ = {isa = PBXFileReference; lastKnownFileType = sourcecode.swift; path = XJSBridge.swift; sourceTree = "<group>"; };
		26917E841FFB7D850089D0DD /* XPlugin.swift */ = {isa = PBXFileReference; lastKnownFileType = sourcecode.swift; path = XPlugin.swift; sourceTree = "<group>"; };
		26917E861FFB7E3C0089D0DD /* XWebViewEngine.swift */ = {isa = PBXFileReference; lastKnownFileType = sourcecode.swift; path = XWebViewEngine.swift; sourceTree = "<group>"; };
		26917E881FFB7EED0089D0DD /* XViewController.swift */ = {isa = PBXFileReference; lastKnownFileType = sourcecode.swift; path = XViewController.swift; sourceTree = "<group>"; };
		26917E8F1FFB81E90089D0DD /* WKWebViewEngine.swift */ = {isa = PBXFileReference; fileEncoding = 4; lastKnownFileType = sourcecode.swift; path = WKWebViewEngine.swift; sourceTree = "<group>"; };
		26917E901FFB81E90089D0DD /* UIWebViewEngine.swift */ = {isa = PBXFileReference; fileEncoding = 4; lastKnownFileType = sourcecode.swift; path = UIWebViewEngine.swift; sourceTree = "<group>"; };
		26917E931FFB84B60089D0DD /* XMessage.swift */ = {isa = PBXFileReference; lastKnownFileType = sourcecode.swift; path = XMessage.swift; sourceTree = "<group>"; };
		26E01C841FF6436500D371D7 /* xwebview.app */ = {isa = PBXFileReference; explicitFileType = wrapper.application; includeInIndex = 0; path = xwebview.app; sourceTree = BUILT_PRODUCTS_DIR; };
		26E01C871FF6436500D371D7 /* AppDelegate.swift */ = {isa = PBXFileReference; lastKnownFileType = sourcecode.swift; path = AppDelegate.swift; sourceTree = "<group>"; };
		26E01C8E1FF6436500D371D7 /* Assets.xcassets */ = {isa = PBXFileReference; lastKnownFileType = folder.assetcatalog; path = Assets.xcassets; sourceTree = "<group>"; };
		26E01C931FF6436500D371D7 /* Info.plist */ = {isa = PBXFileReference; lastKnownFileType = text.plist.xml; path = Info.plist; sourceTree = "<group>"; };
/* End PBXFileReference section */

/* Begin PBXFrameworksBuildPhase section */
		26E01C811FF6436500D371D7 /* Frameworks */ = {
			isa = PBXFrameworksBuildPhase;
			buildActionMask = 2147483647;
			files = (
			);
			runOnlyForDeploymentPostprocessing = 0;
		};
/* End PBXFrameworksBuildPhase section */

/* Begin PBXGroup section */
		2674A52C1FFF7ECA007F10BE /* js */ = {
			isa = PBXGroup;
			children = (
				262B380C200F4D5400C7E68A /* JSBridge.js */,
			);
			path = js;
			sourceTree = "<group>";
		};
		26917E821FFB7D680089D0DD /* libs */ = {
			isa = PBXGroup;
			children = (
				2674A52C1FFF7ECA007F10BE /* js */,
				26917E8E1FFB81E90089D0DD /* impl */,
				26917E841FFB7D850089D0DD /* XPlugin.swift */,
				26917E861FFB7E3C0089D0DD /* XWebViewEngine.swift */,
				2674A530200355BB007F10BE /* XJSBridge.swift */,
				26917E881FFB7EED0089D0DD /* XViewController.swift */,
				26917E931FFB84B60089D0DD /* XMessage.swift */,
			);
			path = libs;
			sourceTree = "<group>";
		};
		26917E8E1FFB81E90089D0DD /* impl */ = {
			isa = PBXGroup;
			children = (
				26917E8F1FFB81E90089D0DD /* WKWebViewEngine.swift */,
				26917E901FFB81E90089D0DD /* UIWebViewEngine.swift */,
			);
			path = impl;
			sourceTree = "<group>";
		};
		26E01C7B1FF6436500D371D7 = {
			isa = PBXGroup;
			children = (
				26E01C861FF6436500D371D7 /* xwebview */,
				26E01C851FF6436500D371D7 /* Products */,
			);
			sourceTree = "<group>";
		};
		26E01C851FF6436500D371D7 /* Products */ = {
			isa = PBXGroup;
			children = (
				26E01C841FF6436500D371D7 /* xwebview.app */,
			);
			name = Products;
			sourceTree = "<group>";
		};
		26E01C861FF6436500D371D7 /* xwebview */ = {
			isa = PBXGroup;
			children = (
				26917E821FFB7D680089D0DD /* libs */,
				26E01C871FF6436500D371D7 /* AppDelegate.swift */,
				2674A52D2003542E007F10BE /* DemoViewController.swift */,
				262B380E200F4D6100C7E68A /* index.html */,
				26E01C8E1FF6436500D371D7 /* Assets.xcassets */,
				26E01C931FF6436500D371D7 /* Info.plist */,
			);
			path = xwebview;
			sourceTree = "<group>";
		};
/* End PBXGroup section */

/* Begin PBXNativeTarget section */
		26E01C831FF6436500D371D7 /* xwebview */ = {
			isa = PBXNativeTarget;
			buildConfigurationList = 26E01C961FF6436500D371D7 /* Build configuration list for PBXNativeTarget "xwebview" */;
			buildPhases = (
				26E01C801FF6436500D371D7 /* Sources */,
				26E01C811FF6436500D371D7 /* Frameworks */,
				26E01C821FF6436500D371D7 /* Resources */,
			);
			buildRules = (
			);
			dependencies = (
			);
			name = xwebview;
			productName = xwebview;
			productReference = 26E01C841FF6436500D371D7 /* xwebview.app */;
			productType = "com.apple.product-type.application";
		};
/* End PBXNativeTarget section */

/* Begin PBXProject section */
		26E01C7C1FF6436500D371D7 /* Project object */ = {
			isa = PBXProject;
			attributes = {
				LastSwiftUpdateCheck = 0920;
				LastUpgradeCheck = 0920;
				ORGANIZATIONNAME = xhchen;
				TargetAttributes = {
					26E01C831FF6436500D371D7 = {
						CreatedOnToolsVersion = 9.2;
						ProvisioningStyle = Automatic;
					};
				};
			};
			buildConfigurationList = 26E01C7F1FF6436500D371D7 /* Build configuration list for PBXProject "xwebview" */;
			compatibilityVersion = "Xcode 8.0";
			developmentRegion = en;
			hasScannedForEncodings = 0;
			knownRegions = (
				en,
				Base,
			);
			mainGroup = 26E01C7B1FF6436500D371D7;
			productRefGroup = 26E01C851FF6436500D371D7 /* Products */;
			projectDirPath = "";
			projectRoot = "";
			targets = (
				26E01C831FF6436500D371D7 /* xwebview */,
			);
		};
/* End PBXProject section */

/* Begin PBXResourcesBuildPhase section */
		26E01C821FF6436500D371D7 /* Resources */ = {
			isa = PBXResourcesBuildPhase;
			buildActionMask = 2147483647;
			files = (
				262B380F200F4D6100C7E68A /* index.html in Resources */,
				262B380D200F4D5500C7E68A /* JSBridge.js in Resources */,
				26E01C8F1FF6436500D371D7 /* Assets.xcassets in Resources */,
			);
			runOnlyForDeploymentPostprocessing = 0;
		};
/* End PBXResourcesBuildPhase section */

/* Begin PBXSourcesBuildPhase section */
		26E01C801FF6436500D371D7 /* Sources */ = {
			isa = PBXSourcesBuildPhase;
			buildActionMask = 2147483647;
			files = (
				26917E941FFB84B60089D0DD /* XMessage.swift in Sources */,
				26917E921FFB81E90089D0DD /* UIWebViewEngine.swift in Sources */,
				26917E891FFB7EED0089D0DD /* XViewController.swift in Sources */,
				26917E871FFB7E3C0089D0DD /* XWebViewEngine.swift in Sources */,
				26917E911FFB81E90089D0DD /* WKWebViewEngine.swift in Sources */,
				2674A531200355BB007F10BE /* XJSBridge.swift in Sources */,
				26917E851FFB7D850089D0DD /* XPlugin.swift in Sources */,
				26E01C881FF6436500D371D7 /* AppDelegate.swift in Sources */,
				2674A52E2003542E007F10BE /* DemoViewController.swift in Sources */,
			);
			runOnlyForDeploymentPostprocessing = 0;
		};
/* End PBXSourcesBuildPhase section */

/* Begin XCBuildConfiguration section */
		26E01C941FF6436500D371D7 /* Debug */ = {
			isa = XCBuildConfiguration;
			buildSettings = {
				ALWAYS_SEARCH_USER_PATHS = NO;
				CLANG_ANALYZER_NONNULL = YES;
				CLANG_ANALYZER_NUMBER_OBJECT_CONVERSION = YES_AGGRESSIVE;
				CLANG_CXX_LANGUAGE_STANDARD = "gnu++14";
				CLANG_CXX_LIBRARY = "libc++";
				CLANG_ENABLE_MODULES = YES;
				CLANG_ENABLE_OBJC_ARC = YES;
				CLANG_WARN_BLOCK_CAPTURE_AUTORELEASING = YES;
				CLANG_WARN_BOOL_CONVERSION = YES;
				CLANG_WARN_COMMA = YES;
				CLANG_WARN_CONSTANT_CONVERSION = YES;
				CLANG_WARN_DIRECT_OBJC_ISA_USAGE = YES_ERROR;
				CLANG_WARN_DOCUMENTATION_COMMENTS = YES;
				CLANG_WARN_EMPTY_BODY = YES;
				CLANG_WARN_ENUM_CONVERSION = YES;
				CLANG_WARN_INFINITE_RECURSION = YES;
				CLANG_WARN_INT_CONVERSION = YES;
				CLANG_WARN_NON_LITERAL_NULL_CONVERSION = YES;
				CLANG_WARN_OBJC_LITERAL_CONVERSION = YES;
				CLANG_WARN_OBJC_ROOT_CLASS = YES_ERROR;
				CLANG_WARN_RANGE_LOOP_ANALYSIS = YES;
				CLANG_WARN_STRICT_PROTOTYPES = YES;
				CLANG_WARN_SUSPICIOUS_MOVE = YES;
				CLANG_WARN_UNGUARDED_AVAILABILITY = YES_AGGRESSIVE;
				CLANG_WARN_UNREACHABLE_CODE = YES;
				CLANG_WARN__DUPLICATE_METHOD_MATCH = YES;
				CODE_SIGN_IDENTITY = "iPhone Developer";
				COPY_PHASE_STRIP = NO;
				DEBUG_INFORMATION_FORMAT = dwarf;
				ENABLE_STRICT_OBJC_MSGSEND = YES;
				ENABLE_TESTABILITY = YES;
				GCC_C_LANGUAGE_STANDARD = gnu11;
				GCC_DYNAMIC_NO_PIC = NO;
				GCC_NO_COMMON_BLOCKS = YES;
				GCC_OPTIMIZATION_LEVEL = 0;
				GCC_PREPROCESSOR_DEFINITIONS = (
					"DEBUG=1",
					"$(inherited)",
				);
				GCC_WARN_64_TO_32_BIT_CONVERSION = YES;
				GCC_WARN_ABOUT_RETURN_TYPE = YES_ERROR;
				GCC_WARN_UNDECLARED_SELECTOR = YES;
				GCC_WARN_UNINITIALIZED_AUTOS = YES_AGGRESSIVE;
				GCC_WARN_UNUSED_FUNCTION = YES;
				GCC_WARN_UNUSED_VARIABLE = YES;
				IPHONEOS_DEPLOYMENT_TARGET = 11.2;
				MTL_ENABLE_DEBUG_INFO = YES;
				ONLY_ACTIVE_ARCH = YES;
				SDKROOT = iphoneos;
				SWIFT_ACTIVE_COMPILATION_CONDITIONS = DEBUG;
				SWIFT_OPTIMIZATION_LEVEL = "-Onone";
			};
			name = Debug;
		};
		26E01C951FF6436500D371D7 /* Release */ = {
			isa = XCBuildConfiguration;
			buildSettings = {
				ALWAYS_SEARCH_USER_PATHS = NO;
				CLANG_ANALYZER_NONNULL = YES;
				CLANG_ANALYZER_NUMBER_OBJECT_CONVERSION = YES_AGGRESSIVE;
				CLANG_CXX_LANGUAGE_STANDARD = "gnu++14";
				CLANG_CXX_LIBRARY = "libc++";
				CLANG_ENABLE_MODULES = YES;
				CLANG_ENABLE_OBJC_ARC = YES;
				CLANG_WARN_BLOCK_CAPTURE_AUTORELEASING = YES;
				CLANG_WARN_BOOL_CONVERSION = YES;
				CLANG_WARN_COMMA = YES;
				CLANG_WARN_CONSTANT_CONVERSION = YES;
				CLANG_WARN_DIRECT_OBJC_ISA_USAGE = YES_ERROR;
				CLANG_WARN_DOCUMENTATION_COMMENTS = YES;
				CLANG_WARN_EMPTY_BODY = YES;
				CLANG_WARN_ENUM_CONVERSION = YES;
				CLANG_WARN_INFINITE_RECURSION = YES;
				CLANG_WARN_INT_CONVERSION = YES;
				CLANG_WARN_NON_LITERAL_NULL_CONVERSION = YES;
				CLANG_WARN_OBJC_LITERAL_CONVERSION = YES;
				CLANG_WARN_OBJC_ROOT_CLASS = YES_ERROR;
				CLANG_WARN_RANGE_LOOP_ANALYSIS = YES;
				CLANG_WARN_STRICT_PROTOTYPES = YES;
				CLANG_WARN_SUSPICIOUS_MOVE = YES;
				CLANG_WARN_UNGUARDED_AVAILABILITY = YES_AGGRESSIVE;
				CLANG_WARN_UNREACHABLE_CODE = YES;
				CLANG_WARN__DUPLICATE_METHOD_MATCH = YES;
				CODE_SIGN_IDENTITY = "iPhone Developer";
				COPY_PHASE_STRIP = NO;
				DEBUG_INFORMATION_FORMAT = "dwarf-with-dsym";
				ENABLE_NS_ASSERTIONS = NO;
				ENABLE_STRICT_OBJC_MSGSEND = YES;
				GCC_C_LANGUAGE_STANDARD = gnu11;
				GCC_NO_COMMON_BLOCKS = YES;
				GCC_WARN_64_TO_32_BIT_CONVERSION = YES;
				GCC_WARN_ABOUT_RETURN_TYPE = YES_ERROR;
				GCC_WARN_UNDECLARED_SELECTOR = YES;
				GCC_WARN_UNINITIALIZED_AUTOS = YES_AGGRESSIVE;
				GCC_WARN_UNUSED_FUNCTION = YES;
				GCC_WARN_UNUSED_VARIABLE = YES;
				IPHONEOS_DEPLOYMENT_TARGET = 11.2;
				MTL_ENABLE_DEBUG_INFO = NO;
				SDKROOT = iphoneos;
				SWIFT_OPTIMIZATION_LEVEL = "-Owholemodule";
				VALIDATE_PRODUCT = YES;
			};
			name = Release;
		};
		26E01C971FF6436500D371D7 /* Debug */ = {
			isa = XCBuildConfiguration;
			buildSettings = {
				ASSETCATALOG_COMPILER_APPICON_NAME = AppIcon;
				CODE_SIGN_STYLE = Automatic;
				DEVELOPMENT_TEAM = 83TFJLQHL8;
				INFOPLIST_FILE = xwebview/Info.plist;
				LD_RUNPATH_SEARCH_PATHS = "$(inherited) @executable_path/Frameworks";
				PRODUCT_BUNDLE_IDENTIFIER = com.xhchen.xwebview;
				PRODUCT_NAME = "$(TARGET_NAME)";
				SWIFT_VERSION = 4.0;
				TARGETED_DEVICE_FAMILY = "1,2";
			};
			name = Debug;
		};
		26E01C981FF6436500D371D7 /* Release */ = {
			isa = XCBuildConfiguration;
			buildSettings = {
				ASSETCATALOG_COMPILER_APPICON_NAME = AppIcon;
				CODE_SIGN_STYLE = Automatic;
				DEVELOPMENT_TEAM = 83TFJLQHL8;
				INFOPLIST_FILE = xwebview/Info.plist;
				LD_RUNPATH_SEARCH_PATHS = "$(inherited) @executable_path/Frameworks";
				PRODUCT_BUNDLE_IDENTIFIER = com.xhchen.xwebview;
				PRODUCT_NAME = "$(TARGET_NAME)";
				SWIFT_VERSION = 4.0;
				TARGETED_DEVICE_FAMILY = "1,2";
			};
			name = Release;
		};
/* End XCBuildConfiguration section */

/* Begin XCConfigurationList section */
		26E01C7F1FF6436500D371D7 /* Build configuration list for PBXProject "xwebview" */ = {
			isa = XCConfigurationList;
			buildConfigurations = (
				26E01C941FF6436500D371D7 /* Debug */,
				26E01C951FF6436500D371D7 /* Release */,
			);
			defaultConfigurationIsVisible = 0;
			defaultConfigurationName = Release;
		};
		26E01C961FF6436500D371D7 /* Build configuration list for PBXNativeTarget "xwebview" */ = {
			isa = XCConfigurationList;
			buildConfigurations = (
				26E01C971FF6436500D371D7 /* Debug */,
				26E01C981FF6436500D371D7 /* Release */,
			);
			defaultConfigurationIsVisible = 0;
			defaultConfigurationName = Release;
		};
/* End XCConfigurationList section */
	};
	rootObject = 26E01C7C1FF6436500D371D7 /* Project object */;
}
